
Microsoft Visual Studio Solution File, Format Version 12.00
# Visual Studio 15
VisualStudioVersion = 15.0.26430.14
MinimumVisualStudioVersion = 10.0.40219.1
Project("{9A19103F-16F7-4668-BE54-9A1E7A4F7556}") = "TstFxtr", "src\TstFxtr\TstFxtr.csproj", "{0248ADED-42EE-4A35-B9C3-F6C973E84102}"
EndProject
Project("{9A19103F-16F7-4668-BE54-9A1E7A4F7556}") = "TstFxtr.Tests", "tests\TstFxtr.Tests\TstFxtr.Tests.csproj", "{1B9BE7B3-0CDB-4DF5-A3B1-4B0B9E6F698A}"
EndProject
Global
	GlobalSection(SolutionConfigurationPlatforms) = preSolution
		Debug|Any CPU = Debug|Any CPU
		Release|Any CPU = Release|Any CPU
	EndGlobalSection
	GlobalSection(ProjectConfigurationPlatforms) = postSolution
		{0248ADED-42EE-4A35-B9C3-F6C973E84102}.Debug|Any CPU.ActiveCfg = Debug|Any CPU
		{0248ADED-42EE-4A35-B9C3-F6C973E84102}.Debug|Any CPU.Build.0 = Debug|Any CPU
		{0248ADED-42EE-4A35-B9C3-F6C973E84102}.Release|Any CPU.ActiveCfg = Release|Any CPU
		{0248ADED-42EE-4A35-B9C3-F6C973E84102}.Release|Any CPU.Build.0 = Release|Any CPU
		{1B9BE7B3-0CDB-4DF5-A3B1-4B0B9E6F698A}.Debug|Any CPU.ActiveCfg = Debug|Any CPU
		{1B9BE7B3-0CDB-4DF5-A3B1-4B0B9E6F698A}.Debug|Any CPU.Build.0 = Debug|Any CPU
		{1B9BE7B3-0CDB-4DF5-A3B1-4B0B9E6F698A}.Release|Any CPU.ActiveCfg = Release|Any CPU
		{1B9BE7B3-0CDB-4DF5-A3B1-4B0B9E6F698A}.Release|Any CPU.Build.0 = Release|Any CPU
	EndGlobalSection
	GlobalSection(SolutionProperties) = preSolution
		HideSolutionNode = FALSE
	EndGlobalSection
EndGlobal
